
Microsoft Visual Studio Solution File, Format Version 12.00
# Visual Studio Version 16
VisualStudioVersion = 16.0.31702.278
MinimumVisualStudioVersion = 10.0.40219.1
Project("{FAE04EC0-301F-11D3-BF4B-00C04F79EFBC}") = "StringEquality", "StringEquality\StringEquality.csproj", "{302B7A4A-EC48-43E2-B6FC-827EB737C7C3}"
EndProject
Global
	GlobalSection(SolutionConfigurationPlatforms) = preSolution
		Debug|Any CPU = Debug|Any CPU
		Release|Any CPU = Release|Any CPU
	EndGlobalSection
	GlobalSection(ProjectConfigurationPlatforms) = postSolution
		{302B7A4A-EC48-43E2-B6FC-827EB737C7C3}.Debug|Any CPU.ActiveCfg = Debug|Any CPU
		{302B7A4A-EC48-43E2-B6FC-827EB737C7C3}.Debug|Any CPU.Build.0 = Debug|Any CPU
		{302B7A4A-EC48-43E2-B6FC-827EB737C7C3}.Release|Any CPU.ActiveCfg = Release|Any CPU
		{302B7A4A-EC48-43E2-B6FC-827EB737C7C3}.Release|Any CPU.Build.0 = Release|Any CPU
	EndGlobalSection
	GlobalSection(SolutionProperties) = preSolution
		HideSolutionNode = FALSE
	EndGlobalSection
	GlobalSection(ExtensibilityGlobals) = postSolution
		SolutionGuid = {B55972F9-AA6A-4B21-8CEB-316ED923B023}
	EndGlobalSection
EndGlobal
